
Microsoft Visual Studio Solution File, Format Version 12.00
# Visual Studio Version 16
VisualStudioVersion = 25.0.1703.5
MinimumVisualStudioVersion = 10.0.40219.1
Project("{FAE04EC0-301F-11D3-BF4B-00C04F79EFBC}") = "CsharpClasses", "CsharpClasses\CsharpClasses.csproj", "{FD41F069-C9A2-4B92-B96E-31B6A4B58473}"
EndProject
Global
	GlobalSection(SolutionConfigurationPlatforms) = preSolution
		Debug|Any CPU = Debug|Any CPU
		Release|Any CPU = Release|Any CPU
	EndGlobalSection
	GlobalSection(ProjectConfigurationPlatforms) = postSolution
		{FD41F069-C9A2-4B92-B96E-31B6A4B58473}.Debug|Any CPU.ActiveCfg = Debug|Any CPU
		{FD41F069-C9A2-4B92-B96E-31B6A4B58473}.Debug|Any CPU.Build.0 = Debug|Any CPU
		{FD41F069-C9A2-4B92-B96E-31B6A4B58473}.Release|Any CPU.ActiveCfg = Release|Any CPU
		{FD41F069-C9A2-4B92-B96E-31B6A4B58473}.Release|Any CPU.Build.0 = Release|Any CPU
	EndGlobalSection
	GlobalSection(SolutionProperties) = preSolution
		HideSolutionNode = FALSE
	EndGlobalSection
	GlobalSection(ExtensibilityGlobals) = postSolution
		SolutionGuid = {D08C0072-5E23-4131-B389-68D04467551B}
	EndGlobalSection
EndGlobal
